
Microsoft Visual Studio Solution File, Format Version 12.00
Project("{FAE04EC0-301F-11D3-BF4B-00C04F79EFBC}") = "Solita.Bike.Api", "Solita.Bike.Api\Solita.Bike.Api.csproj", "{473619E4-6234-4E41-B33E-57FE8E77812B}"
EndProject
Global
	GlobalSection(SolutionConfigurationPlatforms) = preSolution
		Debug|Any CPU = Debug|Any CPU
		Release|Any CPU = Release|Any CPU
	EndGlobalSection
	GlobalSection(ProjectConfigurationPlatforms) = postSolution
		{473619E4-6234-4E41-B33E-57FE8E77812B}.Debug|Any CPU.ActiveCfg = Debug|Any CPU
		{473619E4-6234-4E41-B33E-57FE8E77812B}.Debug|Any CPU.Build.0 = Debug|Any CPU
		{473619E4-6234-4E41-B33E-57FE8E77812B}.Release|Any CPU.ActiveCfg = Release|Any CPU
		{473619E4-6234-4E41-B33E-57FE8E77812B}.Release|Any CPU.Build.0 = Release|Any CPU
	EndGlobalSection
EndGlobal
